
Microsoft Visual Studio Solution File, Format Version 12.00
# Visual Studio Version 17
VisualStudioVersion = 17.0.32014.148
MinimumVisualStudioVersion = 10.0.40219.1
Project("{8BC9CEB8-8B4A-11D0-8D11-00A0C91BC942}") = "AES_128_32bit", "AES_128_32bit\AES_128_32bit.vcxproj", "{A339A31B-3877-48F3-BB18-6A28BDBC38B2}"
EndProject
Global
	GlobalSection(SolutionConfigurationPlatforms) = preSolution
		Debug|x64 = Debug|x64
		Debug|x86 = Debug|x86
		Release|x64 = Release|x64
		Release|x86 = Release|x86
	EndGlobalSection
	GlobalSection(ProjectConfigurationPlatforms) = postSolution
		{A339A31B-3877-48F3-BB18-6A28BDBC38B2}.Debug|x64.ActiveCfg = Debug|x64
		{A339A31B-3877-48F3-BB18-6A28BDBC38B2}.Debug|x64.Build.0 = Debug|x64
		{A339A31B-3877-48F3-BB18-6A28BDBC38B2}.Debug|x86.ActiveCfg = Debug|Win32
		{A339A31B-3877-48F3-BB18-6A28BDBC38B2}.Debug|x86.Build.0 = Debug|Win32
		{A339A31B-3877-48F3-BB18-6A28BDBC38B2}.Release|x64.ActiveCfg = Release|x64
		{A339A31B-3877-48F3-BB18-6A28BDBC38B2}.Release|x64.Build.0 = Release|x64
		{A339A31B-3877-48F3-BB18-6A28BDBC38B2}.Release|x86.ActiveCfg = Release|Win32
		{A339A31B-3877-48F3-BB18-6A28BDBC38B2}.Release|x86.Build.0 = Release|Win32
	EndGlobalSection
	GlobalSection(SolutionProperties) = preSolution
		HideSolutionNode = FALSE
	EndGlobalSection
	GlobalSection(ExtensibilityGlobals) = postSolution
		SolutionGuid = {83BA6D8A-9FE9-499F-B880-45AC23A244C5}
	EndGlobalSection
EndGlobal
